
Microsoft Visual Studio Solution File, Format Version 12.00
# Visual Studio Version 16
VisualStudioVersion = 16.0.30804.86
MinimumVisualStudioVersion = 10.0.40219.1
Project("{FAE04EC0-301F-11D3-BF4B-00C04F79EFBC}") = "InternetSpeedTest", "InternetSpeedTest\InternetSpeedTest.csproj", "{71DA7CB4-8698-4A38-8D8B-7377D4EEAB92}"
EndProject
Global
	GlobalSection(SolutionConfigurationPlatforms) = preSolution
		Debug|Any CPU = Debug|Any CPU
		Release|Any CPU = Release|Any CPU
	EndGlobalSection
	GlobalSection(ProjectConfigurationPlatforms) = postSolution
		{71DA7CB4-8698-4A38-8D8B-7377D4EEAB92}.Debug|Any CPU.ActiveCfg = Debug|Any CPU
		{71DA7CB4-8698-4A38-8D8B-7377D4EEAB92}.Debug|Any CPU.Build.0 = Debug|Any CPU
		{71DA7CB4-8698-4A38-8D8B-7377D4EEAB92}.Release|Any CPU.ActiveCfg = Release|Any CPU
		{71DA7CB4-8698-4A38-8D8B-7377D4EEAB92}.Release|Any CPU.Build.0 = Release|Any CPU
	EndGlobalSection
	GlobalSection(SolutionProperties) = preSolution
		HideSolutionNode = FALSE
	EndGlobalSection
	GlobalSection(ExtensibilityGlobals) = postSolution
		SolutionGuid = {6A0BBBA5-8AB1-4510-B68D-05E22CFDE0F0}
	EndGlobalSection
EndGlobal
